<?xml version="1.0" encoding="UTF-8"?>
<Scheme LastUpgradeVersion="2660" version="1.3"><BuildAction parallelizeBuildables="YES" buildImplicitDependencies="YES"><BuildActionEntries><BuildActionEntry buildForTesting="YES" buildForRunning="YES" buildForProfiling="YES" buildForArchiving="YES" buildForAnalyzing="YES"><BuildableReference BuildableIdentifier="primary" BlueprintIdentifier="58E1F0303056BC1F00E09E28" BuildableName="Dream Again.app" BlueprintName="Dream Again" ReferencedContainer="container:Dream Again.xcodeproj"/></BuildActionEntry></BuildActionEntries></BuildAction><TestAction buildConfiguration="Debug" selectedDebuggerIdentifier="Xcode.DebuggerFoundation.Debugger.LLDB" selectedLauncherIdentifier="Xcode.DebuggerFoundation.Launcher.LLDB" shouldUseLaunchSchemeArgsEnv="YES"><Testables><TestableReference skipped="NO"><BuildableReference BuildableIdentifier="primary" BlueprintIdentifier="58E1F03F3056BC2200E09E28" BuildableName="Dream AgainTests.xctest" BlueprintName="Dream AgainTests" ReferencedContainer="container:Dream Again.xcodeproj"/></TestableReference><TestableReference skipped="NO"><BuildableReference BuildableIdentifier="primary" BlueprintIdentifier="58E1F0493056BC2200E09E28" BuildableName="Dream AgainUITests.xctest" BlueprintName="Dream AgainUITests" ReferencedContainer="container:Dream Again.xcodeproj"/></TestableReference></Testables></TestAction><LaunchAction buildConfiguration="Debug" selectedDebuggerIdentifier="Xcode.DebuggerFoundation.Debugger.LLDB" selectedLauncherIdentifier="Xcode.DebuggerFoundation.Launcher.LLDB" launchStyle="0" useCustomWorkingDirectory="NO" ignoresPersistentStateOnLaunch="NO" debugDocumentVersioning="YES" debugServiceExtension="internal" allowLocationSimulation="NO"><BuildableProductRunnable runnableDebuggingMode="0"><BuildableReference BuildableIdentifier="primary" BlueprintIdentifier="58E1F0303056BC1F00E09E28" BuildableName="Dream Again.app" BlueprintName="Dream Again" ReferencedContainer="container:Dream Again.xcodeproj"/></BuildableProductRunnable><StoreKitConfigurationFileReference identifier="../../../Dream Again/Resources/DreamAgain.storekit"/></LaunchAction><ProfileAction buildConfiguration="Release"><BuildableProductRunnable runnableDebuggingMode="0"><BuildableReference BuildableIdentifier="primary" BlueprintIdentifier="58E1F0303056BC1F00E09E28" BuildableName="Dream Again.app" BlueprintName="Dream Again" ReferencedContainer="container:Dream Again.xcodeproj"/></BuildableProductRunnable></ProfileAction><AnalyzeAction buildConfiguration="Debug"/><ArchiveAction buildConfiguration="Release" revealArchiveInOrganizer="YES"/></Scheme>