// !$*UTF8*$!
{
	archiveVersion = 1;
	classes = {
	};
	objectVersion = 77;
	objects = {

/* Begin PBXContainerItemProxy section */
		58E1F0413056BC2200E09E28 /* PBXContainerItemProxy */ = {
			isa = PBXContainerItemProxy;
			containerPortal = 58E1F0293056BC1E00E09E28 /* Project object */;
			proxyType = 1;
			remoteGlobalIDString = 58E1F0303056BC1F00E09E28;
			remoteInfo = "Dream Again";
		};
		58E1F04B3056BC2200E09E28 /* PBXContainerItemProxy */ = {
			isa = PBXContainerItemProxy;
			containerPortal = 58E1F0293056BC1E00E09E28 /* Project object */;
			proxyType = 1;
			remoteGlobalIDString = 58E1F0303056BC1F00E09E28;
			remoteInfo = "Dream Again";
		};
/* End PBXContainerItemProxy section */

/* Begin PBXFileReference section */
		58E1F0313056BC1F00E09E28 /* Dream Again.app */ = {isa = PBXFileReference; explicitFileType = wrapper.application; includeInIndex = 0; path = "Dream Again.app"; sourceTree = BUILT_PRODUCTS_DIR; };
		58E1F0403056BC2200E09E28 /* Dream AgainTests.xctest */ = {isa = PBXFileReference; explicitFileType = wrapper.cfbundle; includeInIndex = 0; path = "Dream AgainTests.xctest"; sourceTree = BUILT_PRODUCTS_DIR; };
		58E1F04A3056BC2200E09E28 /* Dream AgainUITests.xctest */ = {isa = PBXFileReference; explicitFileType = wrapper.cfbundle; includeInIndex = 0; path = "Dream AgainUITests.xctest"; sourceTree = BUILT_PRODUCTS_DIR; };
/* End PBXFileReference section */

/* Begin PBXBuildFile section */
		DAAD00000000000000000003 /* GoogleMobileAds in Frameworks */ = {isa = PBXBuildFile; productRef = DAAD00000000000000000001 /* GoogleMobileAds */; };
		DAAD00000000000000000004 /* GoogleUserMessagingPlatform in Frameworks */ = {isa = PBXBuildFile; productRef = DAAD00000000000000000002 /* GoogleUserMessagingPlatform */; };
/* End PBXBuildFile section */

/* Begin PBXFileSystemSynchronizedRootGroup section */
		58E1F0333056BC1F00E09E28 /* Dream Again */ = {
			isa = PBXFileSystemSynchronizedRootGroup;
			path = "Dream Again";
			sourceTree = "<group>";
		};
		58E1F0433056BC2200E09E28 /* Dream AgainTests */ = {
			isa = PBXFileSystemSynchronizedRootGroup;
			path = "Dream AgainTests";
			sourceTree = "<group>";
		};
		58E1F04D3056BC2200E09E28 /* Dream AgainUITests */ = {
			isa = PBXFileSystemSynchronizedRootGroup;
			path = "Dream AgainUITests";
			sourceTree = "<group>";
		};
/* End PBXFileSystemSynchronizedRootGroup section */

/* Begin PBXFrameworksBuildPhase section */
		58E1F02E3056BC1F00E09E28 /* Frameworks */ = {
			isa = PBXFrameworksBuildPhase;
			buildActionMask = 2147483647;
			files = (
				DAAD00000000000000000003 /* GoogleMobileAds in Frameworks */,
				DAAD00000000000000000004 /* GoogleUserMessagingPlatform in Frameworks */,
			);
			runOnlyForDeploymentPostprocessing = 0;
		};
		58E1F03D3056BC2200E09E28 /* Frameworks */ = {
			isa = PBXFrameworksBuildPhase;
			buildActionMask = 2147483647;
			files = (
			);
			runOnlyForDeploymentPostprocessing = 0;
		};
		58E1F0473056BC2200E09E28 /* Frameworks */ = {
			isa = PBXFrameworksBuildPhase;
			buildActionMask = 2147483647;
			files = (
			);
			runOnlyForDeploymentPostprocessing = 0;
		};
/* End PBXFrameworksBuildPhase section */

/* Begin PBXGroup section */
		58E1F0283056BC1E00E09E28 = {
			isa = PBXGroup;
			children = (
				58E1F0333056BC1F00E09E28 /* Dream Again */,
				58E1F0433056BC2200E09E28 /* Dream AgainTests */,
				58E1F04D3056BC2200E09E28 /* Dream AgainUITests */,
				58E1F0323056BC1F00E09E28 /* Products */,
			);
			sourceTree = "<group>";
		};
		58E1F0323056BC1F00E09E28 /* Products */ = {
			isa = PBXGroup;
			children = (
				58E1F0313056BC1F00E09E28 /* Dream Again.app */,
				58E1F0403056BC2200E09E28 /* Dream AgainTests.xctest */,
				58E1F04A3056BC2200E09E28 /* Dream AgainUITests.xctest */,
			);
			name = Products;
			sourceTree = "<group>";
		};
/* End PBXGroup section */

/* Begin PBXNativeTarget section */
		58E1F0303056BC1F00E09E28 /* Dream Again */ = {
			isa = PBXNativeTarget;
			buildConfigurationList = 58E1F0543056BC2200E09E28 /* Build configuration list for PBXNativeTarget "Dream Again" */;
			buildPhases = (
				58E1F02D3056BC1F00E09E28 /* Sources */,
				58E1F02E3056BC1F00E09E28 /* Frameworks */,
				58E1F02F3056BC1F00E09E28 /* Resources */,
			);
			buildRules = (
			);
			dependencies = (
			);
			fileSystemSynchronizedGroups = (
				58E1F0333056BC1F00E09E28 /* Dream Again */,
			);
			name = "Dream Again";
			packageProductDependencies = (
				DAAD00000000000000000001 /* GoogleMobileAds */,
				DAAD00000000000000000002 /* GoogleUserMessagingPlatform */,
			);
			productName = "Dream Again";
			productReference = 58E1F0313056BC1F00E09E28 /* Dream Again.app */;
			productType = "com.apple.product-type.application";
		};
		58E1F03F3056BC2200E09E28 /* Dream AgainTests */ = {
			isa = PBXNativeTarget;
			buildConfigurationList = 58E1F0573056BC2200E09E28 /* Build configuration list for PBXNativeTarget "Dream AgainTests" */;
			buildPhases = (
				58E1F03C3056BC2200E09E28 /* Sources */,
				58E1F03D3056BC2200E09E28 /* Frameworks */,
				58E1F03E3056BC2200E09E28 /* Resources */,
			);
			buildRules = (
			);
			dependencies = (
				58E1F0423056BC2200E09E28 /* PBXTargetDependency */,
			);
			fileSystemSynchronizedGroups = (
				58E1F0433056BC2200E09E28 /* Dream AgainTests */,
			);
			name = "Dream AgainTests";
			packageProductDependencies = (
			);
			productName = "Dream AgainTests";
			productReference = 58E1F0403056BC2200E09E28 /* Dream AgainTests.xctest */;
			productType = "com.apple.product-type.bundle.unit-test";
		};
		58E1F0493056BC2200E09E28 /* Dream AgainUITests */ = {
			isa = PBXNativeTarget;
			buildConfigurationList = 58E1F05A3056BC2200E09E28 /* Build configuration list for PBXNativeTarget "Dream AgainUITests" */;
			buildPhases = (
				58E1F0463056BC2200E09E28 /* Sources */,
				58E1F0473056BC2200E09E28 /* Frameworks */,
				58E1F0483056BC2200E09E28 /* Resources */,
			);
			buildRules = (
			);
			dependencies = (
				58E1F04C3056BC2200E09E28 /* PBXTargetDependency */,
			);
			fileSystemSynchronizedGroups = (
				58E1F04D3056BC2200E09E28 /* Dream AgainUITests */,
			);
			name = "Dream AgainUITests";
			packageProductDependencies = (
			);
			productName = "Dream AgainUITests";
			productReference = 58E1F04A3056BC2200E09E28 /* Dream AgainUITests.xctest */;
			productType = "com.apple.product-type.bundle.ui-testing";
		};
/* End PBXNativeTarget section */

/* Begin PBXProject section */
		58E1F0293056BC1E00E09E28 /* Project object */ = {
			isa = PBXProject;
			attributes = {
				BuildIndependentTargetsInParallel = 1;
				LastSwiftUpdateCheck = 2660;
				LastUpgradeCheck = 2660;
				TargetAttributes = {
					58E1F0303056BC1F00E09E28 = {
						CreatedOnToolsVersion = 26.6;
					};
					58E1F03F3056BC2200E09E28 = {
						CreatedOnToolsVersion = 26.6;
						TestTargetID = 58E1F0303056BC1F00E09E28;
					};
					58E1F0493056BC2200E09E28 = {
						CreatedOnToolsVersion = 26.6;
						TestTargetID = 58E1F0303056BC1F00E09E28;
					};
				};
			};
			buildConfigurationList = 58E1F02C3056BC1E00E09E28 /* Build configuration list for PBXProject "Dream Again" */;
			developmentRegion = en;
			hasScannedForEncodings = 0;
			knownRegions = (
				en,
				Base,
			);
			mainGroup = 58E1F0283056BC1E00E09E28;
			minimizedProjectReferenceProxies = 1;
			packageReferences = (
				DAAD00000000000000000005 /* XCRemoteSwiftPackageReference "swift-package-manager-google-mobile-ads" */,
				DAAD00000000000000000006 /* XCRemoteSwiftPackageReference "swift-package-manager-google-user-messaging-platform" */,
			);
			preferredProjectObjectVersion = 77;
			productRefGroup = 58E1F0323056BC1F00E09E28 /* Products */;
			projectDirPath = "";
			projectRoot = "";
			targets = (
				58E1F0303056BC1F00E09E28 /* Dream Again */,
				58E1F03F3056BC2200E09E28 /* Dream AgainTests */,
				58E1F0493056BC2200E09E28 /* Dream AgainUITests */,
			);
		};
/* End PBXProject section */

/* Begin PBXResourcesBuildPhase section */
		58E1F02F3056BC1F00E09E28 /* Resources */ = {
			isa = PBXResourcesBuildPhase;
			buildActionMask = 2147483647;
			files = (
			);
			runOnlyForDeploymentPostprocessing = 0;
		};
		58E1F03E3056BC2200E09E28 /* Resources */ = {
			isa = PBXResourcesBuildPhase;
			buildActionMask = 2147483647;
			files = (
			);
			runOnlyForDeploymentPostprocessing = 0;
		};
		58E1F0483056BC2200E09E28 /* Resources */ = {
			isa = PBXResourcesBuildPhase;
			buildActionMask = 2147483647;
			files = (
			);
			runOnlyForDeploymentPostprocessing = 0;
		};
/* End PBXResourcesBuildPhase section */

/* Begin PBXSourcesBuildPhase section */
		58E1F02D3056BC1F00E09E28 /* Sources */ = {
			isa = PBXSourcesBuildPhase;
			buildActionMask = 2147483647;
			files = (
			);
			runOnlyForDeploymentPostprocessing = 0;
		};
		58E1F03C3056BC2200E09E28 /* Sources */ = {
			isa = PBXSourcesBuildPhase;
			buildActionMask = 2147483647;
			files = (
			);
			runOnlyForDeploymentPostprocessing = 0;
		};
		58E1F0463056BC2200E09E28 /* Sources */ = {
			isa = PBXSourcesBuildPhase;
			buildActionMask = 2147483647;
			files = (
			);
			runOnlyForDeploymentPostprocessing = 0;
		};
/* End PBXSourcesBuildPhase section */

/* Begin PBXTargetDependency section */
		58E1F0423056BC2200E09E28 /* PBXTargetDependency */ = {
			isa = PBXTargetDependency;
			target = 58E1F0303056BC1F00E09E28 /* Dream Again */;
			targetProxy = 58E1F0413056BC2200E09E28 /* PBXContainerItemProxy */;
		};
		58E1F04C3056BC2200E09E28 /* PBXTargetDependency */ = {
			isa = PBXTargetDependency;
			target = 58E1F0303056BC1F00E09E28 /* Dream Again */;
			targetProxy = 58E1F04B3056BC2200E09E28 /* PBXContainerItemProxy */;
		};
/* End PBXTargetDependency section */

/* Begin XCBuildConfiguration section */
		58E1F0523056BC2200E09E28 /* Debug */ = {
			isa = XCBuildConfiguration;
			buildSettings = {
				ALWAYS_SEARCH_USER_PATHS = NO;
				ASSETCATALOG_COMPILER_GENERATE_SWIFT_ASSET_SYMBOL_EXTENSIONS = YES;
				CLANG_ANALYZER_NONNULL = YES;
				CLANG_ANALYZER_NUMBER_OBJECT_CONVERSION = YES_AGGRESSIVE;
				CLANG_CXX_LANGUAGE_STANDARD = "gnu++20";
				CLANG_ENABLE_MODULES = YES;
				CLANG_ENABLE_OBJC_ARC = YES;
				CLANG_ENABLE_OBJC_WEAK = YES;
				CLANG_WARN_BLOCK_CAPTURE_AUTORELEASING = YES;
				CLANG_WARN_BOOL_CONVERSION = YES;
				CLANG_WARN_COMMA = YES;
				CLANG_WARN_CONSTANT_CONVERSION = YES;
				CLANG_WARN_DEPRECATED_OBJC_IMPLEMENTATIONS = YES;
				CLANG_WARN_DIRECT_OBJC_ISA_USAGE = YES_ERROR;
				CLANG_WARN_DOCUMENTATION_COMMENTS = YES;
				CLANG_WARN_EMPTY_BODY = YES;
				CLANG_WARN_ENUM_CONVERSION = YES;
				CLANG_WARN_INFINITE_RECURSION = YES;
				CLANG_WARN_INT_CONVERSION = YES;
				CLANG_WARN_NON_LITERAL_NULL_CONVERSION = YES;
				CLANG_WARN_OBJC_IMPLICIT_RETAIN_SELF = YES;
				CLANG_WARN_OBJC_LITERAL_CONVERSION = YES;
				CLANG_WARN_OBJC_ROOT_CLASS = YES_ERROR;
				CLANG_WARN_QUOTED_INCLUDE_IN_FRAMEWORK_HEADER = YES;
				CLANG_WARN_RANGE_LOOP_ANALYSIS = YES;
				CLANG_WARN_STRICT_PROTOTYPES = YES;
				CLANG_WARN_SUSPICIOUS_MOVE = YES;
				CLANG_WARN_UNGUARDED_AVAILABILITY = YES_AGGRESSIVE;
				CLANG_WARN_UNREACHABLE_CODE = YES;
				CLANG_WARN__DUPLICATE_METHOD_MATCH = YES;
				COPY_PHASE_STRIP = NO;
				DEBUG_INFORMATION_FORMAT = dwarf;
				DEVELOPMENT_TEAM = BZ2SH7NUDM;
				ENABLE_STRICT_OBJC_MSGSEND = YES;
				ENABLE_TESTABILITY = YES;
				ENABLE_USER_SCRIPT_SANDBOXING = YES;
				GCC_C_LANGUAGE_STANDARD = gnu17;
				GCC_DYNAMIC_NO_PIC = NO;
				GCC_NO_COMMON_BLOCKS = YES;
				GCC_OPTIMIZATION_LEVEL = 0;
				GCC_PREPROCESSOR_DEFINITIONS = (
					"DEBUG=1",
					"$(inherited)",
				);
				GCC_WARN_64_TO_32_BIT_CONVERSION = YES;
				GCC_WARN_ABOUT_RETURN_TYPE = YES_ERROR;
				GCC_WARN_UNDECLARED_SELECTOR = YES;
				GCC_WARN_UNINITIALIZED_AUTOS = YES_AGGRESSIVE;
				GCC_WARN_UNUSED_FUNCTION = YES;
				GCC_WARN_UNUSED_VARIABLE = YES;
				IPHONEOS_DEPLOYMENT_TARGET = 18.0;
				LOCALIZATION_PREFERS_STRING_CATALOGS = YES;
				MTL_ENABLE_DEBUG_INFO = INCLUDE_SOURCE;
				MTL_FAST_MATH = YES;
				ONLY_ACTIVE_ARCH = YES;
				SDKROOT = iphoneos;
				SWIFT_ACTIVE_COMPILATION_CONDITIONS = "DEBUG $(inherited)";
				SWIFT_OPTIMIZATION_LEVEL = "-Onone";
			};
			name = Debug;
		};
		58E1F0533056BC2200E09E28 /* Release */ = {
			isa = XCBuildConfiguration;
			buildSettings = {
				ALWAYS_SEARCH_USER_PATHS = NO;
				ASSETCATALOG_COMPILER_GENERATE_SWIFT_ASSET_SYMBOL_EXTENSIONS = YES;
				CLANG_ANALYZER_NONNULL = YES;
				CLANG_ANALYZER_NUMBER_OBJECT_CONVERSION = YES_AGGRESSIVE;
				CLANG_CXX_LANGUAGE_STANDARD = "gnu++20";
				CLANG_ENABLE_MODULES = YES;
				CLANG_ENABLE_OBJC_ARC = YES;
				CLANG_ENABLE_OBJC_WEAK = YES;
				CLANG_WARN_BLOCK_CAPTURE_AUTORELEASING = YES;
				CLANG_WARN_BOOL_CONVERSION = YES;
				CLANG_WARN_COMMA = YES;
				CLANG_WARN_CONSTANT_CONVERSION = YES;
				CLANG_WARN_DEPRECATED_OBJC_IMPLEMENTATIONS = YES;
				CLANG_WARN_DIRECT_OBJC_ISA_USAGE = YES_ERROR;
				CLANG_WARN_DOCUMENTATION_COMMENTS = YES;
				CLANG_WARN_EMPTY_BODY = YES;
				CLANG_WARN_ENUM_CONVERSION = YES;
				CLANG_WARN_INFINITE_RECURSION = YES;
				CLANG_WARN_INT_CONVERSION = YES;
				CLANG_WARN_NON_LITERAL_NULL_CONVERSION = YES;
				CLANG_WARN_OBJC_IMPLICIT_RETAIN_SELF = YES;
				CLANG_WARN_OBJC_LITERAL_CONVERSION = YES;
				CLANG_WARN_OBJC_ROOT_CLASS = YES_ERROR;
				CLANG_WARN_QUOTED_INCLUDE_IN_FRAMEWORK_HEADER = YES;
				CLANG_WARN_RANGE_LOOP_ANALYSIS = YES;
				CLANG_WARN_STRICT_PROTOTYPES = YES;
				CLANG_WARN_SUSPICIOUS_MOVE = YES;
				CLANG_WARN_UNGUARDED_AVAILABILITY = YES_AGGRESSIVE;
				CLANG_WARN_UNREACHABLE_CODE = YES;
				CLANG_WARN__DUPLICATE_METHOD_MATCH = YES;
				COPY_PHASE_STRIP = NO;
				DEBUG_INFORMATION_FORMAT = "dwarf-with-dsym";
				DEVELOPMENT_TEAM = BZ2SH7NUDM;
				ENABLE_NS_ASSERTIONS = NO;
				ENABLE_STRICT_OBJC_MSGSEND = YES;
				ENABLE_USER_SCRIPT_SANDBOXING = YES;
				GCC_C_LANGUAGE_STANDARD = gnu17;
				GCC_NO_COMMON_BLOCKS = YES;
				GCC_WARN_64_TO_32_BIT_CONVERSION = YES;
				GCC_WARN_ABOUT_RETURN_TYPE = YES_ERROR;
				GCC_WARN_UNDECLARED_SELECTOR = YES;
				GCC_WARN_UNINITIALIZED_AUTOS = YES_AGGRESSIVE;
				GCC_WARN_UNUSED_FUNCTION = YES;
				GCC_WARN_UNUSED_VARIABLE = YES;
				IPHONEOS_DEPLOYMENT_TARGET = 18.0;
				LOCALIZATION_PREFERS_STRING_CATALOGS = YES;
				MTL_ENABLE_DEBUG_INFO = NO;
				MTL_FAST_MATH = YES;
				SDKROOT = iphoneos;
				SWIFT_COMPILATION_MODE = wholemodule;
				VALIDATE_PRODUCT = YES;
			};
			name = Release;
		};
		58E1F0553056BC2200E09E28 /* Debug */ = {
			isa = XCBuildConfiguration;
			buildSettings = {
				ASSETCATALOG_COMPILER_APPICON_NAME = AppIcon;
				ASSETCATALOG_COMPILER_GLOBAL_ACCENT_COLOR_NAME = AccentColor;
				CODE_SIGN_STYLE = Automatic;
				CURRENT_PROJECT_VERSION = 1;
				DEVELOPMENT_TEAM = BZ2SH7NUDM;
				ENABLE_PREVIEWS = YES;
				GENERATE_INFOPLIST_FILE = YES;
				INFOPLIST_FILE = Configuration/Info.plist;
				INFOPLIST_KEY_CFBundleDisplayName = Dreamlooper;
				INFOPLIST_KEY_UIApplicationSceneManifest_Generation = YES;
				INFOPLIST_KEY_UIApplicationSupportsIndirectInputEvents = YES;
				INFOPLIST_KEY_UILaunchScreen_Generation = YES;
				INFOPLIST_KEY_UIRequiresFullScreen = YES;
				INFOPLIST_KEY_UISupportedInterfaceOrientations_iPad = "UIInterfaceOrientationPortrait UIInterfaceOrientationPortraitUpsideDown";
				INFOPLIST_KEY_UISupportedInterfaceOrientations_iPhone = UIInterfaceOrientationPortrait;
				LD_RUNPATH_SEARCH_PATHS = (
					"$(inherited)",
					"@executable_path/Frameworks",
				);
				MARKETING_VERSION = 1.0;
				PRODUCT_BUNDLE_IDENTIFIER = "dev.shivanshi.dream-run";
				PRODUCT_MODULE_NAME = DreamAgain;
				PRODUCT_NAME = "$(TARGET_NAME)";
				STRING_CATALOG_GENERATE_SYMBOLS = YES;
				SWIFT_APPROACHABLE_CONCURRENCY = YES;
				SWIFT_DEFAULT_ACTOR_ISOLATION = nonisolated;
				SWIFT_EMIT_LOC_STRINGS = YES;
				SWIFT_UPCOMING_FEATURE_MEMBER_IMPORT_VISIBILITY = YES;
				SWIFT_VERSION = 5.0;
				TARGETED_DEVICE_FAMILY = "1,2";
			};
			name = Debug;
		};
		58E1F0563056BC2200E09E28 /* Release */ = {
			isa = XCBuildConfiguration;
			buildSettings = {
				ASSETCATALOG_COMPILER_APPICON_NAME = AppIcon;
				ASSETCATALOG_COMPILER_GLOBAL_ACCENT_COLOR_NAME = AccentColor;
				CODE_SIGN_STYLE = Automatic;
				CURRENT_PROJECT_VERSION = 1;
				DEVELOPMENT_TEAM = BZ2SH7NUDM;
				ENABLE_PREVIEWS = YES;
				GENERATE_INFOPLIST_FILE = YES;
				INFOPLIST_FILE = Configuration/Info.plist;
				INFOPLIST_KEY_CFBundleDisplayName = Dreamlooper;
				INFOPLIST_KEY_UIApplicationSceneManifest_Generation = YES;
				INFOPLIST_KEY_UIApplicationSupportsIndirectInputEvents = YES;
				INFOPLIST_KEY_UILaunchScreen_Generation = YES;
				INFOPLIST_KEY_UIRequiresFullScreen = YES;
				INFOPLIST_KEY_UISupportedInterfaceOrientations_iPad = "UIInterfaceOrientationPortrait UIInterfaceOrientationPortraitUpsideDown";
				INFOPLIST_KEY_UISupportedInterfaceOrientations_iPhone = UIInterfaceOrientationPortrait;
				LD_RUNPATH_SEARCH_PATHS = (
					"$(inherited)",
					"@executable_path/Frameworks",
				);
				MARKETING_VERSION = 1.0;
				PRODUCT_BUNDLE_IDENTIFIER = "dev.shivanshi.dream-run";
				PRODUCT_MODULE_NAME = DreamAgain;
				PRODUCT_NAME = "$(TARGET_NAME)";
				STRING_CATALOG_GENERATE_SYMBOLS = YES;
				SWIFT_APPROACHABLE_CONCURRENCY = YES;
				SWIFT_DEFAULT_ACTOR_ISOLATION = nonisolated;
				SWIFT_EMIT_LOC_STRINGS = YES;
				SWIFT_UPCOMING_FEATURE_MEMBER_IMPORT_VISIBILITY = YES;
				SWIFT_VERSION = 5.0;
				TARGETED_DEVICE_FAMILY = "1,2";
			};
			name = Release;
		};
		58E1F0583056BC2200E09E28 /* Debug */ = {
			isa = XCBuildConfiguration;
			buildSettings = {
				BUNDLE_LOADER = "$(TEST_HOST)";
				CODE_SIGN_STYLE = Automatic;
				CURRENT_PROJECT_VERSION = 1;
				DEVELOPMENT_TEAM = BZ2SH7NUDM;
				GENERATE_INFOPLIST_FILE = YES;
				IPHONEOS_DEPLOYMENT_TARGET = 18.0;
				MARKETING_VERSION = 1.0;
				PRODUCT_BUNDLE_IDENTIFIER = "dev.shivanshi.dream-run.tests";
				PRODUCT_NAME = "$(TARGET_NAME)";
				STRING_CATALOG_GENERATE_SYMBOLS = NO;
				SWIFT_APPROACHABLE_CONCURRENCY = YES;
				SWIFT_EMIT_LOC_STRINGS = NO;
				SWIFT_UPCOMING_FEATURE_MEMBER_IMPORT_VISIBILITY = YES;
				SWIFT_VERSION = 5.0;
				TARGETED_DEVICE_FAMILY = "1,2";
				TEST_HOST = "$(BUILT_PRODUCTS_DIR)/Dream Again.app/$(BUNDLE_EXECUTABLE_FOLDER_PATH)/Dream Again";
			};
			name = Debug;
		};
		58E1F0593056BC2200E09E28 /* Release */ = {
			isa = XCBuildConfiguration;
			buildSettings = {
				BUNDLE_LOADER = "$(TEST_HOST)";
				CODE_SIGN_STYLE = Automatic;
				CURRENT_PROJECT_VERSION = 1;
				DEVELOPMENT_TEAM = BZ2SH7NUDM;
				GENERATE_INFOPLIST_FILE = YES;
				IPHONEOS_DEPLOYMENT_TARGET = 18.0;
				MARKETING_VERSION = 1.0;
				PRODUCT_BUNDLE_IDENTIFIER = "dev.shivanshi.dream-run.tests";
				PRODUCT_NAME = "$(TARGET_NAME)";
				STRING_CATALOG_GENERATE_SYMBOLS = NO;
				SWIFT_APPROACHABLE_CONCURRENCY = YES;
				SWIFT_EMIT_LOC_STRINGS = NO;
				SWIFT_UPCOMING_FEATURE_MEMBER_IMPORT_VISIBILITY = YES;
				SWIFT_VERSION = 5.0;
				TARGETED_DEVICE_FAMILY = "1,2";
				TEST_HOST = "$(BUILT_PRODUCTS_DIR)/Dream Again.app/$(BUNDLE_EXECUTABLE_FOLDER_PATH)/Dream Again";
			};
			name = Release;
		};
		58E1F05B3056BC2200E09E28 /* Debug */ = {
			isa = XCBuildConfiguration;
			buildSettings = {
				CODE_SIGN_STYLE = Automatic;
				CURRENT_PROJECT_VERSION = 1;
				DEVELOPMENT_TEAM = BZ2SH7NUDM;
				GENERATE_INFOPLIST_FILE = YES;
				MARKETING_VERSION = 1.0;
				PRODUCT_BUNDLE_IDENTIFIER = "dev.shivanshi.dream-run.uitests";
				PRODUCT_NAME = "$(TARGET_NAME)";
				STRING_CATALOG_GENERATE_SYMBOLS = NO;
				SWIFT_APPROACHABLE_CONCURRENCY = YES;
				SWIFT_EMIT_LOC_STRINGS = NO;
				SWIFT_UPCOMING_FEATURE_MEMBER_IMPORT_VISIBILITY = YES;
				SWIFT_VERSION = 5.0;
				TARGETED_DEVICE_FAMILY = "1,2";
				TEST_TARGET_NAME = "Dream Again";
			};
			name = Debug;
		};
		58E1F05C3056BC2200E09E28 /* Release */ = {
			isa = XCBuildConfiguration;
			buildSettings = {
				CODE_SIGN_STYLE = Automatic;
				CURRENT_PROJECT_VERSION = 1;
				DEVELOPMENT_TEAM = BZ2SH7NUDM;
				GENERATE_INFOPLIST_FILE = YES;
				MARKETING_VERSION = 1.0;
				PRODUCT_BUNDLE_IDENTIFIER = "dev.shivanshi.dream-run.uitests";
				PRODUCT_NAME = "$(TARGET_NAME)";
				STRING_CATALOG_GENERATE_SYMBOLS = NO;
				SWIFT_APPROACHABLE_CONCURRENCY = YES;
				SWIFT_EMIT_LOC_STRINGS = NO;
				SWIFT_UPCOMING_FEATURE_MEMBER_IMPORT_VISIBILITY = YES;
				SWIFT_VERSION = 5.0;
				TARGETED_DEVICE_FAMILY = "1,2";
				TEST_TARGET_NAME = "Dream Again";
			};
			name = Release;
		};
/* End XCBuildConfiguration section */

/* Begin XCConfigurationList section */
		58E1F02C3056BC1E00E09E28 /* Build configuration list for PBXProject "Dream Again" */ = {
			isa = XCConfigurationList;
			buildConfigurations = (
				58E1F0523056BC2200E09E28 /* Debug */,
				58E1F0533056BC2200E09E28 /* Release */,
			);
			defaultConfigurationIsVisible = 0;
			defaultConfigurationName = Release;
		};
		58E1F0543056BC2200E09E28 /* Build configuration list for PBXNativeTarget "Dream Again" */ = {
			isa = XCConfigurationList;
			buildConfigurations = (
				58E1F0553056BC2200E09E28 /* Debug */,
				58E1F0563056BC2200E09E28 /* Release */,
			);
			defaultConfigurationIsVisible = 0;
			defaultConfigurationName = Release;
		};
		58E1F0573056BC2200E09E28 /* Build configuration list for PBXNativeTarget "Dream AgainTests" */ = {
			isa = XCConfigurationList;
			buildConfigurations = (
				58E1F0583056BC2200E09E28 /* Debug */,
				58E1F0593056BC2200E09E28 /* Release */,
			);
			defaultConfigurationIsVisible = 0;
			defaultConfigurationName = Release;
		};
		58E1F05A3056BC2200E09E28 /* Build configuration list for PBXNativeTarget "Dream AgainUITests" */ = {
			isa = XCConfigurationList;
			buildConfigurations = (
				58E1F05B3056BC2200E09E28 /* Debug */,
				58E1F05C3056BC2200E09E28 /* Release */,
			);
			defaultConfigurationIsVisible = 0;
			defaultConfigurationName = Release;
		};
/* End XCConfigurationList section */

/* Begin XCRemoteSwiftPackageReference section */
		DAAD00000000000000000005 /* XCRemoteSwiftPackageReference "swift-package-manager-google-mobile-ads" */ = {
			isa = XCRemoteSwiftPackageReference;
			repositoryURL = "https://github.com/googleads/swift-package-manager-google-mobile-ads.git";
			requirement = {kind = exactVersion; version = 13.9.0; };
		};
		DAAD00000000000000000006 /* XCRemoteSwiftPackageReference "swift-package-manager-google-user-messaging-platform" */ = {
			isa = XCRemoteSwiftPackageReference;
			repositoryURL = "https://github.com/googleads/swift-package-manager-google-user-messaging-platform.git";
			requirement = {kind = exactVersion; version = 3.1.0; };
		};
/* End XCRemoteSwiftPackageReference section */

/* Begin XCSwiftPackageProductDependency section */
		DAAD00000000000000000001 /* GoogleMobileAds */ = {isa = XCSwiftPackageProductDependency; package = DAAD00000000000000000005 /* XCRemoteSwiftPackageReference "swift-package-manager-google-mobile-ads" */; productName = GoogleMobileAds; };
		DAAD00000000000000000002 /* GoogleUserMessagingPlatform */ = {isa = XCSwiftPackageProductDependency; package = DAAD00000000000000000006 /* XCRemoteSwiftPackageReference "swift-package-manager-google-user-messaging-platform" */; productName = GoogleUserMessagingPlatform; };
/* End XCSwiftPackageProductDependency section */
	};
	rootObject = 58E1F0293056BC1E00E09E28 /* Project object */;
}
